// !$*UTF8*$!
{
	archiveVersion = 1;
	classes = {
	};
	objectVersion = 50;
	objects = {

/* Begin PBXBuildFile section */
		857FF8A925E9020A008A8477 /* AppDelegate.swift in Sources */ = {isa = PBXBuildFile; fileRef = 857FF8A825E9020A008A8477 /* AppDelegate.swift */; };
		857FF8AB25E9020A008A8477 /* SceneDelegate.swift in Sources */ = {isa = PBXBuildFile; fileRef = 857FF8AA25E9020A008A8477 /* SceneDelegate.swift */; };
		857FF8B225E9020C008A8477 /* Assets.xcassets in Resources */ = {isa = PBXBuildFile; fileRef = 857FF8B125E9020C008A8477 /* Assets.xcassets */; };
		857FF8B525E9020C008A8477 /* LaunchScreen.storyboard in Resources */ = {isa = PBXBuildFile; fileRef = 857FF8B325E9020C008A8477 /* LaunchScreen.storyboard */; };
		857FF8C025E9020C008A8477 /* WebSiteAss4Tests.swift in Sources */ = {isa = PBXBuildFile; fileRef = 857FF8BF25E9020C008A8477 /* WebSiteAss4Tests.swift */; };
		857FF8CB25E9020C008A8477 /* WebSiteAss4UITests.swift in Sources */ = {isa = PBXBuildFile; fileRef = 857FF8CA25E9020C008A8477 /* WebSiteAss4UITests.swift */; };
		857FF8E225E9027C008A8477 /* Main.storyboard in Resources */ = {isa = PBXBuildFile; fileRef = 857FF8E125E9027C008A8477 /* Main.storyboard */; };
		857FF8EA25E90308008A8477 /* ViewController.swift in Sources */ = {isa = PBXBuildFile; fileRef = 857FF8E925E90308008A8477 /* ViewController.swift */; };
		857FF8EF25E90492008A8477 /* CellsVC.swift in Sources */ = {isa = PBXBuildFile; fileRef = 857FF8EE25E90492008A8477 /* CellsVC.swift */; };
/* End PBXBuildFile section */

/* Begin PBXContainerItemProxy section */
		857FF8BC25E9020C008A8477 /* PBXContainerItemProxy */ = {
			isa = PBXContainerItemProxy;
			containerPortal = 857FF89D25E9020A008A8477 /* Project object */;
			proxyType = 1;
			remoteGlobalIDString = 857FF8A425E9020A008A8477;
			remoteInfo = WebSiteAss4;
		};
		857FF8C725E9020C008A8477 /* PBXContainerItemProxy */ = {
			isa = PBXContainerItemProxy;
			containerPortal = 857FF89D25E9020A008A8477 /* Project object */;
			proxyType = 1;
			remoteGlobalIDString = 857FF8A425E9020A008A8477;
			remoteInfo = WebSiteAss4;
		};
/* End PBXContainerItemProxy section */

/* Begin PBXFileReference section */
		857FF8A525E9020A008A8477 /* WebSiteAss4.app */ = {isa = PBXFileReference; explicitFileType = wrapper.application; includeInIndex = 0; path = WebSiteAss4.app; sourceTree = BUILT_PRODUCTS_DIR; };
		857FF8A825E9020A008A8477 /* AppDelegate.swift */ = {isa = PBXFileReference; lastKnownFileType = sourcecode.swift; path = AppDelegate.swift; sourceTree = "<group>"; };
		857FF8AA25E9020A008A8477 /* SceneDelegate.swift */ = {isa = PBXFileReference; lastKnownFileType = sourcecode.swift; path = SceneDelegate.swift; sourceTree = "<group>"; };
		857FF8B125E9020C008A8477 /* Assets.xcassets */ = {isa = PBXFileReference; lastKnownFileType = folder.assetcatalog; path = Assets.xcassets; sourceTree = "<group>"; };
		857FF8B425E9020C008A8477 /* Base */ = {isa = PBXFileReference; lastKnownFileType = file.storyboard; name = Base; path = Base.lproj/LaunchScreen.storyboard; sourceTree = "<group>"; };
		857FF8B625E9020C008A8477 /* Info.plist */ = {isa = PBXFileReference; lastKnownFileType = text.plist.xml; path = Info.plist; sourceTree = "<group>"; };
		857FF8BB25E9020C008A8477 /* WebSiteAss4Tests.xctest */ = {isa = PBXFileReference; explicitFileType = wrapper.cfbundle; includeInIndex = 0; path = WebSiteAss4Tests.xctest; sourceTree = BUILT_PRODUCTS_DIR; };
		857FF8BF25E9020C008A8477 /* WebSiteAss4Tests.swift */ = {isa = PBXFileReference; lastKnownFileType = sourcecode.swift; path = WebSiteAss4Tests.swift; sourceTree = "<group>"; };
		857FF8C125E9020C008A8477 /* Info.plist */ = {isa = PBXFileReference; lastKnownFileType = text.plist.xml; path = Info.plist; sourceTree = "<group>"; };
		857FF8C625E9020C008A8477 /* WebSiteAss4UITests.xctest */ = {isa = PBXFileReference; explicitFileType = wrapper.cfbundle; includeInIndex = 0; path = WebSiteAss4UITests.xctest; sourceTree = BUILT_PRODUCTS_DIR; };
		857FF8CA25E9020C008A8477 /* WebSiteAss4UITests.swift */ = {isa = PBXFileReference; lastKnownFileType = sourcecode.swift; path = WebSiteAss4UITests.swift; sourceTree = "<group>"; };
		857FF8CC25E9020C008A8477 /* Info.plist */ = {isa = PBXFileReference; lastKnownFileType = text.plist.xml; path = Info.plist; sourceTree = "<group>"; };
		857FF8E125E9027C008A8477 /* Main.storyboard */ = {isa = PBXFileReference; lastKnownFileType = file.storyboard; path = Main.storyboard; sourceTree = "<group>"; };
		857FF8E925E90308008A8477 /* ViewController.swift */ = {isa = PBXFileReference; lastKnownFileType = sourcecode.swift; path = ViewController.swift; sourceTree = "<group>"; };
		857FF8EE25E90492008A8477 /* CellsVC.swift */ = {isa = PBXFileReference; lastKnownFileType = sourcecode.swift; path = CellsVC.swift; sourceTree = "<group>"; };
/* End PBXFileReference section */

/* Begin PBXFrameworksBuildPhase section */
		857FF8A225E9020A008A8477 /* Frameworks */ = {
			isa = PBXFrameworksBuildPhase;
			buildActionMask = 2147483647;
			files = (
			);
			runOnlyForDeploymentPostprocessing = 0;
		};
		857FF8B825E9020C008A8477 /* Frameworks */ = {
			isa = PBXFrameworksBuildPhase;
			buildActionMask = 2147483647;
			files = (
			);
			runOnlyForDeploymentPostprocessing = 0;
		};
		857FF8C325E9020C008A8477 /* Frameworks */ = {
			isa = PBXFrameworksBuildPhase;
			buildActionMask = 2147483647;
			files = (
			);
			runOnlyForDeploymentPostprocessing = 0;
		};
/* End PBXFrameworksBuildPhase section */

/* Begin PBXGroup section */
		857FF89C25E9020A008A8477 = {
			isa = PBXGroup;
			children = (
				857FF8A725E9020A008A8477 /* WebSiteAss4 */,
				857FF8BE25E9020C008A8477 /* WebSiteAss4Tests */,
				857FF8C925E9020C008A8477 /* WebSiteAss4UITests */,
				857FF8A625E9020A008A8477 /* Products */,
			);
			sourceTree = "<group>";
		};
		857FF8A625E9020A008A8477 /* Products */ = {
			isa = PBXGroup;
			children = (
				857FF8A525E9020A008A8477 /* WebSiteAss4.app */,
				857FF8BB25E9020C008A8477 /* WebSiteAss4Tests.xctest */,
				857FF8C625E9020C008A8477 /* WebSiteAss4UITests.xctest */,
			);
			name = Products;
			sourceTree = "<group>";
		};
		857FF8A725E9020A008A8477 /* WebSiteAss4 */ = {
			isa = PBXGroup;
			children = (
				857FF8A825E9020A008A8477 /* AppDelegate.swift */,
				857FF8AA25E9020A008A8477 /* SceneDelegate.swift */,
				857FF8B125E9020C008A8477 /* Assets.xcassets */,
				857FF8B325E9020C008A8477 /* LaunchScreen.storyboard */,
				857FF8B625E9020C008A8477 /* Info.plist */,
				857FF8E125E9027C008A8477 /* Main.storyboard */,
				857FF8E925E90308008A8477 /* ViewController.swift */,
				857FF8EE25E90492008A8477 /* CellsVC.swift */,
			);
			path = WebSiteAss4;
			sourceTree = "<group>";
		};
		857FF8BE25E9020C008A8477 /* WebSiteAss4Tests */ = {
			isa = PBXGroup;
			children = (
				857FF8BF25E9020C008A8477 /* WebSiteAss4Tests.swift */,
				857FF8C125E9020C008A8477 /* Info.plist */,
			);
			path = WebSiteAss4Tests;
			sourceTree = "<group>";
		};
		857FF8C925E9020C008A8477 /* WebSiteAss4UITests */ = {
			isa = PBXGroup;
			children = (
				857FF8CA25E9020C008A8477 /* WebSiteAss4UITests.swift */,
				857FF8CC25E9020C008A8477 /* Info.plist */,
			);
			path = WebSiteAss4UITests;
			sourceTree = "<group>";
		};
/* End PBXGroup section */

/* Begin PBXNativeTarget section */
		857FF8A425E9020A008A8477 /* WebSiteAss4 */ = {
			isa = PBXNativeTarget;
			buildConfigurationList = 857FF8CF25E9020C008A8477 /* Build configuration list for PBXNativeTarget "WebSiteAss4" */;
			buildPhases = (
				857FF8A125E9020A008A8477 /* Sources */,
				857FF8A225E9020A008A8477 /* Frameworks */,
				857FF8A325E9020A008A8477 /* Resources */,
			);
			buildRules = (
			);
			dependencies = (
			);
			name = WebSiteAss4;
			productName = WebSiteAss4;
			productReference = 857FF8A525E9020A008A8477 /* WebSiteAss4.app */;
			productType = "com.apple.product-type.application";
		};
		857FF8BA25E9020C008A8477 /* WebSiteAss4Tests */ = {
			isa = PBXNativeTarget;
			buildConfigurationList = 857FF8D225E9020C008A8477 /* Build configuration list for PBXNativeTarget "WebSiteAss4Tests" */;
			buildPhases = (
				857FF8B725E9020C008A8477 /* Sources */,
				857FF8B825E9020C008A8477 /* Frameworks */,
				857FF8B925E9020C008A8477 /* Resources */,
			);
			buildRules = (
			);
			dependencies = (
				857FF8BD25E9020C008A8477 /* PBXTargetDependency */,
			);
			name = WebSiteAss4Tests;
			productName = WebSiteAss4Tests;
			productReference = 857FF8BB25E9020C008A8477 /* WebSiteAss4Tests.xctest */;
			productType = "com.apple.product-type.bundle.unit-test";
		};
		857FF8C525E9020C008A8477 /* WebSiteAss4UITests */ = {
			isa = PBXNativeTarget;
			buildConfigurationList = 857FF8D525E9020C008A8477 /* Build configuration list for PBXNativeTarget "WebSiteAss4UITests" */;
			buildPhases = (
				857FF8C225E9020C008A8477 /* Sources */,
				857FF8C325E9020C008A8477 /* Frameworks */,
				857FF8C425E9020C008A8477 /* Resources */,
			);
			buildRules = (
			);
			dependencies = (
				857FF8C825E9020C008A8477 /* PBXTargetDependency */,
			);
			name = WebSiteAss4UITests;
			productName = WebSiteAss4UITests;
			productReference = 857FF8C625E9020C008A8477 /* WebSiteAss4UITests.xctest */;
			productType = "com.apple.product-type.bundle.ui-testing";
		};
/* End PBXNativeTarget section */

/* Begin PBXProject section */
		857FF89D25E9020A008A8477 /* Project object */ = {
			isa = PBXProject;
			attributes = {
				LastSwiftUpdateCheck = 1240;
				LastUpgradeCheck = 1240;
				TargetAttributes = {
					857FF8A425E9020A008A8477 = {
						CreatedOnToolsVersion = 12.4;
					};
					857FF8BA25E9020C008A8477 = {
						CreatedOnToolsVersion = 12.4;
						TestTargetID = 857FF8A425E9020A008A8477;
					};
					857FF8C525E9020C008A8477 = {
						CreatedOnToolsVersion = 12.4;
						TestTargetID = 857FF8A425E9020A008A8477;
					};
				};
			};
			buildConfigurationList = 857FF8A025E9020A008A8477 /* Build configuration list for PBXProject "WebSiteAss4" */;
			compatibilityVersion = "Xcode 9.3";
			developmentRegion = en;
			hasScannedForEncodings = 0;
			knownRegions = (
				en,
				Base,
			);
			mainGroup = 857FF89C25E9020A008A8477;
			productRefGroup = 857FF8A625E9020A008A8477 /* Products */;
			projectDirPath = "";
			projectRoot = "";
			targets = (
				857FF8A425E9020A008A8477 /* WebSiteAss4 */,
				857FF8BA25E9020C008A8477 /* WebSiteAss4Tests */,
				857FF8C525E9020C008A8477 /* WebSiteAss4UITests */,
			);
		};
/* End PBXProject section */

/* Begin PBXResourcesBuildPhase section */
		857FF8A325E9020A008A8477 /* Resources */ = {
			isa = PBXResourcesBuildPhase;
			buildActionMask = 2147483647;
			files = (
				857FF8B525E9020C008A8477 /* LaunchScreen.storyboard in Resources */,
				857FF8B225E9020C008A8477 /* Assets.xcassets in Resources */,
				857FF8E225E9027C008A8477 /* Main.storyboard in Resources */,
			);
			runOnlyForDeploymentPostprocessing = 0;
		};
		857FF8B925E9020C008A8477 /* Resources */ = {
			isa = PBXResourcesBuildPhase;
			buildActionMask = 2147483647;
			files = (
			);
			runOnlyForDeploymentPostprocessing = 0;
		};
		857FF8C425E9020C008A8477 /* Resources */ = {
			isa = PBXResourcesBuildPhase;
			buildActionMask = 2147483647;
			files = (
			);
			runOnlyForDeploymentPostprocessing = 0;
		};
/* End PBXResourcesBuildPhase section */

/* Begin PBXSourcesBuildPhase section */
		857FF8A125E9020A008A8477 /* Sources */ = {
			isa = PBXSourcesBuildPhase;
			buildActionMask = 2147483647;
			files = (
				857FF8EF25E90492008A8477 /* CellsVC.swift in Sources */,
				857FF8EA25E90308008A8477 /* ViewController.swift in Sources */,
				857FF8A925E9020A008A8477 /* AppDelegate.swift in Sources */,
				857FF8AB25E9020A008A8477 /* SceneDelegate.swift in Sources */,
			);
			runOnlyForDeploymentPostprocessing = 0;
		};
		857FF8B725E9020C008A8477 /* Sources */ = {
			isa = PBXSourcesBuildPhase;
			buildActionMask = 2147483647;
			files = (
				857FF8C025E9020C008A8477 /* WebSiteAss4Tests.swift in Sources */,
			);
			runOnlyForDeploymentPostprocessing = 0;
		};
		857FF8C225E9020C008A8477 /* Sources */ = {
			isa = PBXSourcesBuildPhase;
			buildActionMask = 2147483647;
			files = (
				857FF8CB25E9020C008A8477 /* WebSiteAss4UITests.swift in Sources */,
			);
			runOnlyForDeploymentPostprocessing = 0;
		};
/* End PBXSourcesBuildPhase section */

/* Begin PBXTargetDependency section */
		857FF8BD25E9020C008A8477 /* PBXTargetDependency */ = {
			isa = PBXTargetDependency;
			target = 857FF8A425E9020A008A8477 /* WebSiteAss4 */;
			targetProxy = 857FF8BC25E9020C008A8477 /* PBXContainerItemProxy */;
		};
		857FF8C825E9020C008A8477 /* PBXTargetDependency */ = {
			isa = PBXTargetDependency;
			target = 857FF8A425E9020A008A8477 /* WebSiteAss4 */;
			targetProxy = 857FF8C725E9020C008A8477 /* PBXContainerItemProxy */;
		};
/* End PBXTargetDependency section */

/* Begin PBXVariantGroup section */
		857FF8B325E9020C008A8477 /* LaunchScreen.storyboard */ = {
			isa = PBXVariantGroup;
			children = (
				857FF8B425E9020C008A8477 /* Base */,
			);
			name = LaunchScreen.storyboard;
			sourceTree = "<group>";
		};
/* End PBXVariantGroup section */

/* Begin XCBuildConfiguration section */
		857FF8CD25E9020C008A8477 /* Debug */ = {
			isa = XCBuildConfiguration;
			buildSettings = {
				ALWAYS_SEARCH_USER_PATHS = NO;
				CLANG_ANALYZER_NONNULL = YES;
				CLANG_ANALYZER_NUMBER_OBJECT_CONVERSION = YES_AGGRESSIVE;
				CLANG_CXX_LANGUAGE_STANDARD = "gnu++14";
				CLANG_CXX_LIBRARY = "libc++";
				CLANG_ENABLE_MODULES = YES;
				CLANG_ENABLE_OBJC_ARC = YES;
				CLANG_ENABLE_OBJC_WEAK = YES;
				CLANG_WARN_BLOCK_CAPTURE_AUTORELEASING = YES;
				CLANG_WARN_BOOL_CONVERSION = YES;
				CLANG_WARN_COMMA = YES;
				CLANG_WARN_CONSTANT_CONVERSION = YES;
				CLANG_WARN_DEPRECATED_OBJC_IMPLEMENTATIONS = YES;
				CLANG_WARN_DIRECT_OBJC_ISA_USAGE = YES_ERROR;
				CLANG_WARN_DOCUMENTATION_COMMENTS = YES;
				CLANG_WARN_EMPTY_BODY = YES;
				CLANG_WARN_ENUM_CONVERSION = YES;
				CLANG_WARN_INFINITE_RECURSION = YES;
				CLANG_WARN_INT_CONVERSION = YES;
				CLANG_WARN_NON_LITERAL_NULL_CONVERSION = YES;
				CLANG_WARN_OBJC_IMPLICIT_RETAIN_SELF = YES;
				CLANG_WARN_OBJC_LITERAL_CONVERSION = YES;
				CLANG_WARN_OBJC_ROOT_CLASS = YES_ERROR;
				CLANG_WARN_QUOTED_INCLUDE_IN_FRAMEWORK_HEADER = YES;
				CLANG_WARN_RANGE_LOOP_ANALYSIS = YES;
				CLANG_WARN_STRICT_PROTOTYPES = YES;
				CLANG_WARN_SUSPICIOUS_MOVE = YES;
				CLANG_WARN_UNGUARDED_AVAILABILITY = YES_AGGRESSIVE;
				CLANG_WARN_UNREACHABLE_CODE = YES;
				CLANG_WARN__DUPLICATE_METHOD_MATCH = YES;
				COPY_PHASE_STRIP = NO;
				DEBUG_INFORMATION_FORMAT = dwarf;
				ENABLE_STRICT_OBJC_MSGSEND = YES;
				ENABLE_TESTABILITY = YES;
				GCC_C_LANGUAGE_STANDARD = gnu11;
				GCC_DYNAMIC_NO_PIC = NO;
				GCC_NO_COMMON_BLOCKS = YES;
				GCC_OPTIMIZATION_LEVEL = 0;
				GCC_PREPROCESSOR_DEFINITIONS = (
					"DEBUG=1",
					"$(inherited)",
				);
				GCC_WARN_64_TO_32_BIT_CONVERSION = YES;
				GCC_WARN_ABOUT_RETURN_TYPE = YES_ERROR;
				GCC_WARN_UNDECLARED_SELECTOR = YES;
				GCC_WARN_UNINITIALIZED_AUTOS = YES_AGGRESSIVE;
				GCC_WARN_UNUSED_FUNCTION = YES;
				GCC_WARN_UNUSED_VARIABLE = YES;
				IPHONEOS_DEPLOYMENT_TARGET = 14.4;
				MTL_ENABLE_DEBUG_INFO = INCLUDE_SOURCE;
				MTL_FAST_MATH = YES;
				ONLY_ACTIVE_ARCH = YES;
				SDKROOT = iphoneos;
				SWIFT_ACTIVE_COMPILATION_CONDITIONS = DEBUG;
				SWIFT_OPTIMIZATION_LEVEL = "-Onone";
			};
			name = Debug;
		};
		857FF8CE25E9020C008A8477 /* Release */ = {
			isa = XCBuildConfiguration;
			buildSettings = {
				ALWAYS_SEARCH_USER_PATHS = NO;
				CLANG_ANALYZER_NONNULL = YES;
				CLANG_ANALYZER_NUMBER_OBJECT_CONVERSION = YES_AGGRESSIVE;
				CLANG_CXX_LANGUAGE_STANDARD = "gnu++14";
				CLANG_CXX_LIBRARY = "libc++";
				CLANG_ENABLE_MODULES = YES;
				CLANG_ENABLE_OBJC_ARC = YES;
				CLANG_ENABLE_OBJC_WEAK = YES;
				CLANG_WARN_BLOCK_CAPTURE_AUTORELEASING = YES;
				CLANG_WARN_BOOL_CONVERSION = YES;
				CLANG_WARN_COMMA = YES;
				CLANG_WARN_CONSTANT_CONVERSION = YES;
				CLANG_WARN_DEPRECATED_OBJC_IMPLEMENTATIONS = YES;
				CLANG_WARN_DIRECT_OBJC_ISA_USAGE = YES_ERROR;
				CLANG_WARN_DOCUMENTATION_COMMENTS = YES;
				CLANG_WARN_EMPTY_BODY = YES;
				CLANG_WARN_ENUM_CONVERSION = YES;
				CLANG_WARN_INFINITE_RECURSION = YES;
				CLANG_WARN_INT_CONVERSION = YES;
				CLANG_WARN_NON_LITERAL_NULL_CONVERSION = YES;
				CLANG_WARN_OBJC_IMPLICIT_RETAIN_SELF = YES;
				CLANG_WARN_OBJC_LITERAL_CONVERSION = YES;
				CLANG_WARN_OBJC_ROOT_CLASS = YES_ERROR;
				CLANG_WARN_QUOTED_INCLUDE_IN_FRAMEWORK_HEADER = YES;
				CLANG_WARN_RANGE_LOOP_ANALYSIS = YES;
				CLANG_WARN_STRICT_PROTOTYPES = YES;
				CLANG_WARN_SUSPICIOUS_MOVE = YES;
				CLANG_WARN_UNGUARDED_AVAILABILITY = YES_AGGRESSIVE;
				CLANG_WARN_UNREACHABLE_CODE = YES;
				CLANG_WARN__DUPLICATE_METHOD_MATCH = YES;
				COPY_PHASE_STRIP = NO;
				DEBUG_INFORMATION_FORMAT = "dwarf-with-dsym";
				ENABLE_NS_ASSERTIONS = NO;
				ENABLE_STRICT_OBJC_MSGSEND = YES;
				GCC_C_LANGUAGE_STANDARD = gnu11;
				GCC_NO_COMMON_BLOCKS = YES;
				GCC_WARN_64_TO_32_BIT_CONVERSION = YES;
				GCC_WARN_ABOUT_RETURN_TYPE = YES_ERROR;
				GCC_WARN_UNDECLARED_SELECTOR = YES;
				GCC_WARN_UNINITIALIZED_AUTOS = YES_AGGRESSIVE;
				GCC_WARN_UNUSED_FUNCTION = YES;
				GCC_WARN_UNUSED_VARIABLE = YES;
				IPHONEOS_DEPLOYMENT_TARGET = 14.4;
				MTL_ENABLE_DEBUG_INFO = NO;
				MTL_FAST_MATH = YES;
				SDKROOT = iphoneos;
				SWIFT_COMPILATION_MODE = wholemodule;
				SWIFT_OPTIMIZATION_LEVEL = "-O";
				VALIDATE_PRODUCT = YES;
			};
			name = Release;
		};
		857FF8D025E9020C008A8477 /* Debug */ = {
			isa = XCBuildConfiguration;
			buildSettings = {
				ASSETCATALOG_COMPILER_APPICON_NAME = AppIcon;
				ASSETCATALOG_COMPILER_GLOBAL_ACCENT_COLOR_NAME = AccentColor;
				CODE_SIGN_STYLE = Automatic;
				INFOPLIST_FILE = WebSiteAss4/Info.plist;
				LD_RUNPATH_SEARCH_PATHS = (
					"$(inherited)",
					"@executable_path/Frameworks",
				);
				PRODUCT_BUNDLE_IDENTIFIER = edu.self.WebSiteAss4;
				PRODUCT_NAME = "$(TARGET_NAME)";
				SWIFT_VERSION = 5.0;
				TARGETED_DEVICE_FAMILY = "1,2";
			};
			name = Debug;
		};
		857FF8D125E9020C008A8477 /* Release */ = {
			isa = XCBuildConfiguration;
			buildSettings = {
				ASSETCATALOG_COMPILER_APPICON_NAME = AppIcon;
				ASSETCATALOG_COMPILER_GLOBAL_ACCENT_COLOR_NAME = AccentColor;
				CODE_SIGN_STYLE = Automatic;
				INFOPLIST_FILE = WebSiteAss4/Info.plist;
				LD_RUNPATH_SEARCH_PATHS = (
					"$(inherited)",
					"@executable_path/Frameworks",
				);
				PRODUCT_BUNDLE_IDENTIFIER = edu.self.WebSiteAss4;
				PRODUCT_NAME = "$(TARGET_NAME)";
				SWIFT_VERSION = 5.0;
				TARGETED_DEVICE_FAMILY = "1,2";
			};
			name = Release;
		};
		857FF8D325E9020C008A8477 /* Debug */ = {
			isa = XCBuildConfiguration;
			buildSettings = {
				ALWAYS_EMBED_SWIFT_STANDARD_LIBRARIES = YES;
				BUNDLE_LOADER = "$(TEST_HOST)";
				CODE_SIGN_STYLE = Automatic;
				INFOPLIST_FILE = WebSiteAss4Tests/Info.plist;
				IPHONEOS_DEPLOYMENT_TARGET = 14.4;
				LD_RUNPATH_SEARCH_PATHS = (
					"$(inherited)",
					"@executable_path/Frameworks",
					"@loader_path/Frameworks",
				);
				PRODUCT_BUNDLE_IDENTIFIER = edu.self.WebSiteAss4Tests;
				PRODUCT_NAME = "$(TARGET_NAME)";
				SWIFT_VERSION = 5.0;
				TARGETED_DEVICE_FAMILY = "1,2";
				TEST_HOST = "$(BUILT_PRODUCTS_DIR)/WebSiteAss4.app/WebSiteAss4";
			};
			name = Debug;
		};
		857FF8D425E9020C008A8477 /* Release */ = {
			isa = XCBuildConfiguration;
			buildSettings = {
				ALWAYS_EMBED_SWIFT_STANDARD_LIBRARIES = YES;
				BUNDLE_LOADER = "$(TEST_HOST)";
				CODE_SIGN_STYLE = Automatic;
				INFOPLIST_FILE = WebSiteAss4Tests/Info.plist;
				IPHONEOS_DEPLOYMENT_TARGET = 14.4;
				LD_RUNPATH_SEARCH_PATHS = (
					"$(inherited)",
					"@executable_path/Frameworks",
					"@loader_path/Frameworks",
				);
				PRODUCT_BUNDLE_IDENTIFIER = edu.self.WebSiteAss4Tests;
				PRODUCT_NAME = "$(TARGET_NAME)";
				SWIFT_VERSION = 5.0;
				TARGETED_DEVICE_FAMILY = "1,2";
				TEST_HOST = "$(BUILT_PRODUCTS_DIR)/WebSiteAss4.app/WebSiteAss4";
			};
			name = Release;
		};
		857FF8D625E9020C008A8477 /* Debug */ = {
			isa = XCBuildConfiguration;
			buildSettings = {
				ALWAYS_EMBED_SWIFT_STANDARD_LIBRARIES = YES;
				CODE_SIGN_STYLE = Automatic;
				INFOPLIST_FILE = WebSiteAss4UITests/Info.plist;
				LD_RUNPATH_SEARCH_PATHS = (
					"$(inherited)",
					"@executable_path/Frameworks",
					"@loader_path/Frameworks",
				);
				PRODUCT_BUNDLE_IDENTIFIER = edu.self.WebSiteAss4UITests;
				PRODUCT_NAME = "$(TARGET_NAME)";
				SWIFT_VERSION = 5.0;
				TARGETED_DEVICE_FAMILY = "1,2";
				TEST_TARGET_NAME = WebSiteAss4;
			};
			name = Debug;
		};
		857FF8D725E9020C008A8477 /* Release */ = {
			isa = XCBuildConfiguration;
			buildSettings = {
				ALWAYS_EMBED_SWIFT_STANDARD_LIBRARIES = YES;
				CODE_SIGN_STYLE = Automatic;
				INFOPLIST_FILE = WebSiteAss4UITests/Info.plist;
				LD_RUNPATH_SEARCH_PATHS = (
					"$(inherited)",
					"@executable_path/Frameworks",
					"@loader_path/Frameworks",
				);
				PRODUCT_BUNDLE_IDENTIFIER = edu.self.WebSiteAss4UITests;
				PRODUCT_NAME = "$(TARGET_NAME)";
				SWIFT_VERSION = 5.0;
				TARGETED_DEVICE_FAMILY = "1,2";
				TEST_TARGET_NAME = WebSiteAss4;
			};
			name = Release;
		};
/* End XCBuildConfiguration section */

/* Begin XCConfigurationList section */
		857FF8A025E9020A008A8477 /* Build configuration list for PBXProject "WebSiteAss4" */ = {
			isa = XCConfigurationList;
			buildConfigurations = (
				857FF8CD25E9020C008A8477 /* Debug */,
				857FF8CE25E9020C008A8477 /* Release */,
			);
			defaultConfigurationIsVisible = 0;
			defaultConfigurationName = Release;
		};
		857FF8CF25E9020C008A8477 /* Build configuration list for PBXNativeTarget "WebSiteAss4" */ = {
			isa = XCConfigurationList;
			buildConfigurations = (
				857FF8D025E9020C008A8477 /* Debug */,
				857FF8D125E9020C008A8477 /* Release */,
			);
			defaultConfigurationIsVisible = 0;
			defaultConfigurationName = Release;
		};
		857FF8D225E9020C008A8477 /* Build configuration list for PBXNativeTarget "WebSiteAss4Tests" */ = {
			isa = XCConfigurationList;
			buildConfigurations = (
				857FF8D325E9020C008A8477 /* Debug */,
				857FF8D425E9020C008A8477 /* Release */,
			);
			defaultConfigurationIsVisible = 0;
			defaultConfigurationName = Release;
		};
		857FF8D525E9020C008A8477 /* Build configuration list for PBXNativeTarget "WebSiteAss4UITests" */ = {
			isa = XCConfigurationList;
			buildConfigurations = (
				857FF8D625E9020C008A8477 /* Debug */,
				857FF8D725E9020C008A8477 /* Release */,
			);
			defaultConfigurationIsVisible = 0;
			defaultConfigurationName = Release;
		};
/* End XCConfigurationList section */
	};
	rootObject = 857FF89D25E9020A008A8477 /* Project object */;
}
